{
  "name": "tenantly",
  "lockfileVersion": 3,
  "requires": true,
  "packages": {
    "": {
      "dependencies": {
        "@bd-utils/core": "^0.0.1"
      }
    },
    "node_modules/@bd-utils/core": {
      "version": "0.0.1",
      "resolved": "https://registry.npmjs.org/@bd-utils/core/-/core-0.0.1.tgz",
      "integrity": "sha512-zkcctPAPf46+v/f94/BLgfuS7z5P6XOKEMuDTFuUL4j9+0Wb3ZvEYOtOkZfI6afOhDz3d2Ndc9ZMnvaag9pG3A==",
      "license": "MIT"
    }
  }
}
