
Microsoft Visual Studio Solution File, Format Version 12.00
# Visual Studio Version 17
VisualStudioVersion = 17.14.36414.22
MinimumVisualStudioVersion = 10.0.40219.1
Project("{FAE04EC0-301F-11D3-BF4B-00C04F79EFBC}") = "TenantlyNotificationService", "TenantlyNotificationService.csproj", "{8D0E1225-F152-A105-AFE2-A5A5CFBCA5C2}"
EndProject
Project("{FAE04EC0-301F-11D3-BF4B-00C04F79EFBC}") = "TenantlyNotificationService.Tests", "TenantlyNotificationService.Tests\TenantlyNotificationService.Tests.csproj", "{CCCB6CF7-D233-4F3B-AE62-07D7C426390B}"
EndProject
Global
	GlobalSection(SolutionConfigurationPlatforms) = preSolution
		Debug|Any CPU = Debug|Any CPU
		Debug|x64 = Debug|x64
		Debug|x86 = Debug|x86
		Release|Any CPU = Release|Any CPU
		Release|x64 = Release|x64
		Release|x86 = Release|x86
	EndGlobalSection
	GlobalSection(ProjectConfigurationPlatforms) = postSolution
		{8D0E1225-F152-A105-AFE2-A5A5CFBCA5C2}.Debug|Any CPU.ActiveCfg = Debug|Any CPU
		{8D0E1225-F152-A105-AFE2-A5A5CFBCA5C2}.Debug|Any CPU.Build.0 = Debug|Any CPU
		{8D0E1225-F152-A105-AFE2-A5A5CFBCA5C2}.Debug|x64.ActiveCfg = Debug|Any CPU
		{8D0E1225-F152-A105-AFE2-A5A5CFBCA5C2}.Debug|x64.Build.0 = Debug|Any CPU
		{8D0E1225-F152-A105-AFE2-A5A5CFBCA5C2}.Debug|x86.ActiveCfg = Debug|Any CPU
		{8D0E1225-F152-A105-AFE2-A5A5CFBCA5C2}.Debug|x86.Build.0 = Debug|Any CPU
		{8D0E1225-F152-A105-AFE2-A5A5CFBCA5C2}.Release|Any CPU.ActiveCfg = Release|Any CPU
		{8D0E1225-F152-A105-AFE2-A5A5CFBCA5C2}.Release|Any CPU.Build.0 = Release|Any CPU
		{8D0E1225-F152-A105-AFE2-A5A5CFBCA5C2}.Release|x64.ActiveCfg = Release|Any CPU
		{8D0E1225-F152-A105-AFE2-A5A5CFBCA5C2}.Release|x64.Build.0 = Release|Any CPU
		{8D0E1225-F152-A105-AFE2-A5A5CFBCA5C2}.Release|x86.ActiveCfg = Release|Any CPU
		{8D0E1225-F152-A105-AFE2-A5A5CFBCA5C2}.Release|x86.Build.0 = Release|Any CPU
		{CCCB6CF7-D233-4F3B-AE62-07D7C426390B}.Debug|Any CPU.ActiveCfg = Debug|Any CPU
		{CCCB6CF7-D233-4F3B-AE62-07D7C426390B}.Debug|Any CPU.Build.0 = Debug|Any CPU
		{CCCB6CF7-D233-4F3B-AE62-07D7C426390B}.Debug|x64.ActiveCfg = Debug|Any CPU
		{CCCB6CF7-D233-4F3B-AE62-07D7C426390B}.Debug|x64.Build.0 = Debug|Any CPU
		{CCCB6CF7-D233-4F3B-AE62-07D7C426390B}.Debug|x86.ActiveCfg = Debug|Any CPU
		{CCCB6CF7-D233-4F3B-AE62-07D7C426390B}.Debug|x86.Build.0 = Debug|Any CPU
		{CCCB6CF7-D233-4F3B-AE62-07D7C426390B}.Release|Any CPU.ActiveCfg = Release|Any CPU
		{CCCB6CF7-D233-4F3B-AE62-07D7C426390B}.Release|Any CPU.Build.0 = Release|Any CPU
		{CCCB6CF7-D233-4F3B-AE62-07D7C426390B}.Release|x64.ActiveCfg = Release|Any CPU
		{CCCB6CF7-D233-4F3B-AE62-07D7C426390B}.Release|x64.Build.0 = Release|Any CPU
		{CCCB6CF7-D233-4F3B-AE62-07D7C426390B}.Release|x86.ActiveCfg = Release|Any CPU
		{CCCB6CF7-D233-4F3B-AE62-07D7C426390B}.Release|x86.Build.0 = Release|Any CPU
	EndGlobalSection
	GlobalSection(SolutionProperties) = preSolution
		HideSolutionNode = FALSE
	EndGlobalSection
	GlobalSection(ExtensibilityGlobals) = postSolution
		SolutionGuid = {39BA13AC-F1D9-4566-805B-56ADD48AC106}
	EndGlobalSection
EndGlobal
